
Microsoft Visual Studio Solution File, Format Version 12.00
# Visual Studio Version 16
VisualStudioVersion = 16.0.29411.108
MinimumVisualStudioVersion = 10.0.40219.1
Project("{FAE04EC0-301F-11D3-BF4B-00C04F79EFBC}") = "inClass4b", "inClass4\inClass4b.csproj", "{6EDFE373-C1C2-452B-BBED-476F9398DFB6}"
EndProject
Global
	GlobalSection(SolutionConfigurationPlatforms) = preSolution
		Debug|Any CPU = Debug|Any CPU
		Release|Any CPU = Release|Any CPU
	EndGlobalSection
	GlobalSection(ProjectConfigurationPlatforms) = postSolution
		{6EDFE373-C1C2-452B-BBED-476F9398DFB6}.Debug|Any CPU.ActiveCfg = Debug|Any CPU
		{6EDFE373-C1C2-452B-BBED-476F9398DFB6}.Debug|Any CPU.Build.0 = Debug|Any CPU
		{6EDFE373-C1C2-452B-BBED-476F9398DFB6}.Release|Any CPU.ActiveCfg = Release|Any CPU
		{6EDFE373-C1C2-452B-BBED-476F9398DFB6}.Release|Any CPU.Build.0 = Release|Any CPU
	EndGlobalSection
	GlobalSection(SolutionProperties) = preSolution
		HideSolutionNode = FALSE
	EndGlobalSection
	GlobalSection(ExtensibilityGlobals) = postSolution
		SolutionGuid = {B1797CA3-CA82-415C-95D2-21FA138638F3}
	EndGlobalSection
EndGlobal
